# This file is autogenerated, do not edit; changes may be undone by the next 'dep ensure'.


[[projects]]
  name = "github.com/go-ozzo/ozzo-dbx"
  packages = ["."]
  revision = "4671b36568561cd5683d6a648fe8cec282ddff68"
  version = "v1.0.11"

[[projects]]
  branch = "v2"
  name = "gopkg.in/yaml.v2"
  packages = ["."]
  revision = "287cf08546ab5e7e37d55a84f7ed3fd1db036de5"

[solve-meta]
  analyzer-name = "dep"
  analyzer-version = 1
  inputs-digest = "1e06cab85b80b8d5acfb8dcdfec1922fbf1a184f347495bc086ff048809975fa"
  solver-name = "gps-cdcl"
  solver-version = 1
